
Microsoft Visual Studio Solution File, Format Version 12.00
# Visual Studio Version 16
VisualStudioVersion = 16.0.30413.136
MinimumVisualStudioVersion = 10.0.40219.1
Project("{9A19103F-16F7-4668-BE54-9A1E7A4F7556}") = "RobotBLL", "RobotBLL\RobotBLL.csproj", "{75BAF916-6644-4605-8A0C-69683F598D4E}"
EndProject
Project("{9A19103F-16F7-4668-BE54-9A1E7A4F7556}") = "RobotPL", "RobotPL\RobotPL.csproj", "{08958946-AA81-4C46-8783-0297317FF7DF}"
EndProject
Project("{9A19103F-16F7-4668-BE54-9A1E7A4F7556}") = "RobotTests", "RobotTest\RobotTests.csproj", "{694FF7DB-1D8E-4B2F-AA0B-AFAF62A07016}"
	ProjectSection(ProjectDependencies) = postProject
		{75BAF916-6644-4605-8A0C-69683F598D4E} = {75BAF916-6644-4605-8A0C-69683F598D4E}
	EndProjectSection
EndProject
Project("{FAE04EC0-301F-11D3-BF4B-00C04F79EFBC}") = "RobotWPF", "RobotWPF\RobotWPF.csproj", "{2D431510-28BD-4AB0-86EC-C1EE7A7CC7FC}"
EndProject
Global
	GlobalSection(SolutionConfigurationPlatforms) = preSolution
		Debug|Any CPU = Debug|Any CPU
		Release|Any CPU = Release|Any CPU
	EndGlobalSection
	GlobalSection(ProjectConfigurationPlatforms) = postSolution
		{75BAF916-6644-4605-8A0C-69683F598D4E}.Debug|Any CPU.ActiveCfg = Debug|Any CPU
		{75BAF916-6644-4605-8A0C-69683F598D4E}.Debug|Any CPU.Build.0 = Debug|Any CPU
		{75BAF916-6644-4605-8A0C-69683F598D4E}.Release|Any CPU.ActiveCfg = Release|Any CPU
		{75BAF916-6644-4605-8A0C-69683F598D4E}.Release|Any CPU.Build.0 = Release|Any CPU
		{08958946-AA81-4C46-8783-0297317FF7DF}.Debug|Any CPU.ActiveCfg = Debug|Any CPU
		{08958946-AA81-4C46-8783-0297317FF7DF}.Debug|Any CPU.Build.0 = Debug|Any CPU
		{08958946-AA81-4C46-8783-0297317FF7DF}.Release|Any CPU.ActiveCfg = Release|Any CPU
		{08958946-AA81-4C46-8783-0297317FF7DF}.Release|Any CPU.Build.0 = Release|Any CPU
		{694FF7DB-1D8E-4B2F-AA0B-AFAF62A07016}.Debug|Any CPU.ActiveCfg = Debug|Any CPU
		{694FF7DB-1D8E-4B2F-AA0B-AFAF62A07016}.Debug|Any CPU.Build.0 = Debug|Any CPU
		{694FF7DB-1D8E-4B2F-AA0B-AFAF62A07016}.Release|Any CPU.ActiveCfg = Release|Any CPU
		{694FF7DB-1D8E-4B2F-AA0B-AFAF62A07016}.Release|Any CPU.Build.0 = Release|Any CPU
		{2D431510-28BD-4AB0-86EC-C1EE7A7CC7FC}.Debug|Any CPU.ActiveCfg = Debug|Any CPU
		{2D431510-28BD-4AB0-86EC-C1EE7A7CC7FC}.Debug|Any CPU.Build.0 = Debug|Any CPU
		{2D431510-28BD-4AB0-86EC-C1EE7A7CC7FC}.Release|Any CPU.ActiveCfg = Release|Any CPU
		{2D431510-28BD-4AB0-86EC-C1EE7A7CC7FC}.Release|Any CPU.Build.0 = Release|Any CPU
	EndGlobalSection
	GlobalSection(SolutionProperties) = preSolution
		HideSolutionNode = FALSE
	EndGlobalSection
	GlobalSection(ExtensibilityGlobals) = postSolution
		SolutionGuid = {C1AEC19E-B08C-4E0E-8325-C4FAB800ACC4}
	EndGlobalSection
EndGlobal
